
Microsoft Visual Studio Solution File, Format Version 12.00
# Visual Studio Version 17
VisualStudioVersion = 17.4.33110.190
MinimumVisualStudioVersion = 10.0.40219.1
Project("{FAE04EC0-301F-11D3-BF4B-00C04F79EFBC}") = "TesiSoaClient", "TesiSoaClient.csproj", "{A3966C5C-4A82-42EB-98A5-4D30E3D2040C}"
EndProject
Global
	GlobalSection(SolutionConfigurationPlatforms) = preSolution
		Debug|Any CPU = Debug|Any CPU
		Release|Any CPU = Release|Any CPU
	EndGlobalSection
	GlobalSection(ProjectConfigurationPlatforms) = postSolution
		{A3966C5C-4A82-42EB-98A5-4D30E3D2040C}.Debug|Any CPU.ActiveCfg = Debug|Any CPU
		{A3966C5C-4A82-42EB-98A5-4D30E3D2040C}.Debug|Any CPU.Build.0 = Debug|Any CPU
		{A3966C5C-4A82-42EB-98A5-4D30E3D2040C}.Release|Any CPU.ActiveCfg = Release|Any CPU
		{A3966C5C-4A82-42EB-98A5-4D30E3D2040C}.Release|Any CPU.Build.0 = Release|Any CPU
	EndGlobalSection
	GlobalSection(SolutionProperties) = preSolution
		HideSolutionNode = FALSE
	EndGlobalSection
	GlobalSection(ExtensibilityGlobals) = postSolution
		SolutionGuid = {D1B1660E-5F7B-4D24-ACE8-8B9A1F59F209}
	EndGlobalSection
EndGlobal
